{
  "name": "@udid-tools/device-info-consumer-smoke",
  "version": "0.0.0",
  "lockfileVersion": 3,
  "requires": true,
  "packages": {
    "": {
      "name": "@udid-tools/device-info-consumer-smoke",
      "version": "0.0.0",
      "dependencies": {
        "@udid-tools/device-info": "file:udid-tools-device-info.tgz"
      }
    },
    "node_modules/@udid-tools/device-info": {
      "version": "1.0.4",
      "resolved": "file:udid-tools-device-info.tgz",
      "integrity": "sha512-PjZPVkkU4Yu36JTN2i0ssgrDfOci85k0ay7AeOBF/bDuG6aSe+12sF29k+LjT3E8J24X14N+QZxJOmxMTUfZyA==",
      "license": "MIT",
      "engines": {
        "node": ">=22.14.0"
      }
    }
  }
}
