{
  "name": "@udid-tools/device-info-consumer-smoke",
  "version": "0.0.0",
  "lockfileVersion": 3,
  "requires": true,
  "packages": {
    "": {
      "name": "@udid-tools/device-info-consumer-smoke",
      "version": "0.0.0",
      "dependencies": {
        "@udid-tools/device-info": "file:udid-tools-device-info.tgz"
      }
    },
    "node_modules/@udid-tools/device-info": {
      "version": "1.0.5",
      "resolved": "file:udid-tools-device-info.tgz",
      "integrity": "sha512-VlTMeHyx9QhruJh2Z7/y22mj4aI6WlGi2T6Ff7bJ8dDexm5jOKp23tNZtoLuTVIqr6rM5HdevyrhYYfMuPrX8Q==",
      "license": "MIT",
      "engines": {
        "node": ">=22.14.0"
      }
    }
  }
}
